
Microsoft Visual Studio Solution File, Format Version 12.00
# Visual Studio 14
VisualStudioVersion = 14.0.24720.0
MinimumVisualStudioVersion = 10.0.40219.1
Project("{FAE04EC0-301F-11D3-BF4B-00C04F79EFBC}") = "WindowsPhoneGame1", "WindowsPhoneGame1\WindowsPhoneGame1\WindowsPhoneGame1.csproj", "{E69D359F-7C57-4AF8-A48B-F0BD97976957}"
EndProject
Project("{96E2B04D-8817-42C6-938A-82C39BA4D311}") = "WindowsPhoneGame1Content", "WindowsPhoneGame1\WindowsPhoneGame1Content\WindowsPhoneGame1Content.contentproj", "{C46536AD-CD04-42C8-AC77-ABA2835FF310}"
EndProject
Global
	GlobalSection(SolutionConfigurationPlatforms) = preSolution
		Debug|Windows Phone = Debug|Windows Phone
		Release|Windows Phone = Release|Windows Phone
	EndGlobalSection
	GlobalSection(ProjectConfigurationPlatforms) = postSolution
		{E69D359F-7C57-4AF8-A48B-F0BD97976957}.Debug|Windows Phone.ActiveCfg = Debug|Windows Phone
		{E69D359F-7C57-4AF8-A48B-F0BD97976957}.Debug|Windows Phone.Build.0 = Debug|Windows Phone
		{E69D359F-7C57-4AF8-A48B-F0BD97976957}.Debug|Windows Phone.Deploy.0 = Debug|Windows Phone
		{E69D359F-7C57-4AF8-A48B-F0BD97976957}.Release|Windows Phone.ActiveCfg = Release|Windows Phone
		{E69D359F-7C57-4AF8-A48B-F0BD97976957}.Release|Windows Phone.Build.0 = Release|Windows Phone
		{E69D359F-7C57-4AF8-A48B-F0BD97976957}.Release|Windows Phone.Deploy.0 = Release|Windows Phone
		{C46536AD-CD04-42C8-AC77-ABA2835FF310}.Debug|Windows Phone.ActiveCfg = Debug|Windows Phone
		{C46536AD-CD04-42C8-AC77-ABA2835FF310}.Release|Windows Phone.ActiveCfg = Release|Windows Phone
	EndGlobalSection
	GlobalSection(SolutionProperties) = preSolution
		HideSolutionNode = FALSE
	EndGlobalSection
EndGlobal
